
Microsoft Visual Studio Solution File, Format Version 12.00
# Visual Studio Version 17
VisualStudioVersion = 17.8.34309.116
MinimumVisualStudioVersion = 10.0.40219.1
Project("{9A19103F-16F7-4668-BE54-9A1E7A4F7556}") = "Task1", "Task1\Task1.csproj", "{79C55F32-D6E9-430F-936A-415310EF3CFA}"
EndProject
Project("{FAE04EC0-301F-11D3-BF4B-00C04F79EFBC}") = "Task2", "Task2\Task2.csproj", "{18217220-3687-40CD-8123-F0ED8C5CED73}"
EndProject
Project("{FAE04EC0-301F-11D3-BF4B-00C04F79EFBC}") = "Task3", "Task3\Task3.csproj", "{090490EB-A80A-469A-BAC3-85A48992C8EC}"
EndProject
Project("{FAE04EC0-301F-11D3-BF4B-00C04F79EFBC}") = "Task4", "Task4\Task4.csproj", "{360A5B6D-593A-4116-AA3F-A22585874926}"
EndProject
Project("{FAE04EC0-301F-11D3-BF4B-00C04F79EFBC}") = "Task5", "Task5\Task5.csproj", "{D1FA089D-6BEE-4460-AF72-A8FAC1CEA87A}"
EndProject
Project("{FAE04EC0-301F-11D3-BF4B-00C04F79EFBC}") = "Task6", "Task6\Task6.csproj", "{45437F32-7462-4FE9-9887-05E1DF993EBA}"
EndProject
Project("{FAE04EC0-301F-11D3-BF4B-00C04F79EFBC}") = "Hw", "Hw\Hw.csproj", "{76026421-6703-4A7C-B904-23DBEE28F440}"
EndProject
Global
	GlobalSection(SolutionConfigurationPlatforms) = preSolution
		Debug|Any CPU = Debug|Any CPU
		Release|Any CPU = Release|Any CPU
	EndGlobalSection
	GlobalSection(ProjectConfigurationPlatforms) = postSolution
		{79C55F32-D6E9-430F-936A-415310EF3CFA}.Debug|Any CPU.ActiveCfg = Debug|Any CPU
		{79C55F32-D6E9-430F-936A-415310EF3CFA}.Debug|Any CPU.Build.0 = Debug|Any CPU
		{79C55F32-D6E9-430F-936A-415310EF3CFA}.Release|Any CPU.ActiveCfg = Release|Any CPU
		{79C55F32-D6E9-430F-936A-415310EF3CFA}.Release|Any CPU.Build.0 = Release|Any CPU
		{18217220-3687-40CD-8123-F0ED8C5CED73}.Debug|Any CPU.ActiveCfg = Debug|Any CPU
		{18217220-3687-40CD-8123-F0ED8C5CED73}.Debug|Any CPU.Build.0 = Debug|Any CPU
		{18217220-3687-40CD-8123-F0ED8C5CED73}.Release|Any CPU.ActiveCfg = Release|Any CPU
		{18217220-3687-40CD-8123-F0ED8C5CED73}.Release|Any CPU.Build.0 = Release|Any CPU
		{090490EB-A80A-469A-BAC3-85A48992C8EC}.Debug|Any CPU.ActiveCfg = Debug|Any CPU
		{090490EB-A80A-469A-BAC3-85A48992C8EC}.Debug|Any CPU.Build.0 = Debug|Any CPU
		{090490EB-A80A-469A-BAC3-85A48992C8EC}.Release|Any CPU.ActiveCfg = Release|Any CPU
		{090490EB-A80A-469A-BAC3-85A48992C8EC}.Release|Any CPU.Build.0 = Release|Any CPU
		{360A5B6D-593A-4116-AA3F-A22585874926}.Debug|Any CPU.ActiveCfg = Debug|Any CPU
		{360A5B6D-593A-4116-AA3F-A22585874926}.Debug|Any CPU.Build.0 = Debug|Any CPU
		{360A5B6D-593A-4116-AA3F-A22585874926}.Release|Any CPU.ActiveCfg = Release|Any CPU
		{360A5B6D-593A-4116-AA3F-A22585874926}.Release|Any CPU.Build.0 = Release|Any CPU
		{D1FA089D-6BEE-4460-AF72-A8FAC1CEA87A}.Debug|Any CPU.ActiveCfg = Debug|Any CPU
		{D1FA089D-6BEE-4460-AF72-A8FAC1CEA87A}.Debug|Any CPU.Build.0 = Debug|Any CPU
		{D1FA089D-6BEE-4460-AF72-A8FAC1CEA87A}.Release|Any CPU.ActiveCfg = Release|Any CPU
		{D1FA089D-6BEE-4460-AF72-A8FAC1CEA87A}.Release|Any CPU.Build.0 = Release|Any CPU
		{45437F32-7462-4FE9-9887-05E1DF993EBA}.Debug|Any CPU.ActiveCfg = Debug|Any CPU
		{45437F32-7462-4FE9-9887-05E1DF993EBA}.Debug|Any CPU.Build.0 = Debug|Any CPU
		{45437F32-7462-4FE9-9887-05E1DF993EBA}.Release|Any CPU.ActiveCfg = Release|Any CPU
		{45437F32-7462-4FE9-9887-05E1DF993EBA}.Release|Any CPU.Build.0 = Release|Any CPU
		{76026421-6703-4A7C-B904-23DBEE28F440}.Debug|Any CPU.ActiveCfg = Debug|Any CPU
		{76026421-6703-4A7C-B904-23DBEE28F440}.Debug|Any CPU.Build.0 = Debug|Any CPU
		{76026421-6703-4A7C-B904-23DBEE28F440}.Release|Any CPU.ActiveCfg = Release|Any CPU
		{76026421-6703-4A7C-B904-23DBEE28F440}.Release|Any CPU.Build.0 = Release|Any CPU
	EndGlobalSection
	GlobalSection(SolutionProperties) = preSolution
		HideSolutionNode = FALSE
	EndGlobalSection
	GlobalSection(ExtensibilityGlobals) = postSolution
		SolutionGuid = {7E057834-C67E-4C14-9991-BB155BCBA58E}
	EndGlobalSection
EndGlobal
